// !$*UTF8*$!
{
	archiveVersion = 1;
	classes = {
	};
	objectVersion = 50;
	objects = {

/* Begin PBXBuildFile section */
		4D35BD4B2401BE1C0007C40B /* AppDelegate.swift in Sources */ = {isa = PBXBuildFile; fileRef = 4D35BD4A2401BE1C0007C40B /* AppDelegate.swift */; };
		4D35BD4D2401BE1C0007C40B /* SceneDelegate.swift in Sources */ = {isa = PBXBuildFile; fileRef = 4D35BD4C2401BE1C0007C40B /* SceneDelegate.swift */; };
		4D35BD4F2401BE1C0007C40B /* ViewController.swift in Sources */ = {isa = PBXBuildFile; fileRef = 4D35BD4E2401BE1C0007C40B /* ViewController.swift */; };
		4D35BD522401BE1C0007C40B /* Main.storyboard in Resources */ = {isa = PBXBuildFile; fileRef = 4D35BD502401BE1C0007C40B /* Main.storyboard */; };
		4D35BD542401BE200007C40B /* Assets.xcassets in Resources */ = {isa = PBXBuildFile; fileRef = 4D35BD532401BE200007C40B /* Assets.xcassets */; };
		4D35BD572401BE200007C40B /* LaunchScreen.storyboard in Resources */ = {isa = PBXBuildFile; fileRef = 4D35BD552401BE200007C40B /* LaunchScreen.storyboard */; };
		4D35BD622401BE200007C40B /* ParstagramTests.swift in Sources */ = {isa = PBXBuildFile; fileRef = 4D35BD612401BE200007C40B /* ParstagramTests.swift */; };
		4D35BD6D2401BE200007C40B /* ParstagramUITests.swift in Sources */ = {isa = PBXBuildFile; fileRef = 4D35BD6C2401BE200007C40B /* ParstagramUITests.swift */; };
/* End PBXBuildFile section */

/* Begin PBXContainerItemProxy section */
		4D35BD5E2401BE200007C40B /* PBXContainerItemProxy */ = {
			isa = PBXContainerItemProxy;
			containerPortal = 4D35BD3F2401BE1C0007C40B /* Project object */;
			proxyType = 1;
			remoteGlobalIDString = 4D35BD462401BE1C0007C40B;
			remoteInfo = Parstagram;
		};
		4D35BD692401BE200007C40B /* PBXContainerItemProxy */ = {
			isa = PBXContainerItemProxy;
			containerPortal = 4D35BD3F2401BE1C0007C40B /* Project object */;
			proxyType = 1;
			remoteGlobalIDString = 4D35BD462401BE1C0007C40B;
			remoteInfo = Parstagram;
		};
/* End PBXContainerItemProxy section */

/* Begin PBXFileReference section */
		4D35BD472401BE1C0007C40B /* Parstagram.app */ = {isa = PBXFileReference; explicitFileType = wrapper.application; includeInIndex = 0; path = Parstagram.app; sourceTree = BUILT_PRODUCTS_DIR; };
		4D35BD4A2401BE1C0007C40B /* AppDelegate.swift */ = {isa = PBXFileReference; lastKnownFileType = sourcecode.swift; path = AppDelegate.swift; sourceTree = "<group>"; };
		4D35BD4C2401BE1C0007C40B /* SceneDelegate.swift */ = {isa = PBXFileReference; lastKnownFileType = sourcecode.swift; path = SceneDelegate.swift; sourceTree = "<group>"; };
		4D35BD4E2401BE1C0007C40B /* ViewController.swift */ = {isa = PBXFileReference; lastKnownFileType = sourcecode.swift; path = ViewController.swift; sourceTree = "<group>"; };
		4D35BD512401BE1C0007C40B /* Base */ = {isa = PBXFileReference; lastKnownFileType = file.storyboard; name = Base; path = Base.lproj/Main.storyboard; sourceTree = "<group>"; };
		4D35BD532401BE200007C40B /* Assets.xcassets */ = {isa = PBXFileReference; lastKnownFileType = folder.assetcatalog; path = Assets.xcassets; sourceTree = "<group>"; };
		4D35BD562401BE200007C40B /* Base */ = {isa = PBXFileReference; lastKnownFileType = file.storyboard; name = Base; path = Base.lproj/LaunchScreen.storyboard; sourceTree = "<group>"; };
		4D35BD582401BE200007C40B /* Info.plist */ = {isa = PBXFileReference; lastKnownFileType = text.plist.xml; path = Info.plist; sourceTree = "<group>"; };
		4D35BD5D2401BE200007C40B /* ParstagramTests.xctest */ = {isa = PBXFileReference; explicitFileType = wrapper.cfbundle; includeInIndex = 0; path = ParstagramTests.xctest; sourceTree = BUILT_PRODUCTS_DIR; };
		4D35BD612401BE200007C40B /* ParstagramTests.swift */ = {isa = PBXFileReference; lastKnownFileType = sourcecode.swift; path = ParstagramTests.swift; sourceTree = "<group>"; };
		4D35BD632401BE200007C40B /* Info.plist */ = {isa = PBXFileReference; lastKnownFileType = text.plist.xml; path = Info.plist; sourceTree = "<group>"; };
		4D35BD682401BE200007C40B /* ParstagramUITests.xctest */ = {isa = PBXFileReference; explicitFileType = wrapper.cfbundle; includeInIndex = 0; path = ParstagramUITests.xctest; sourceTree = BUILT_PRODUCTS_DIR; };
		4D35BD6C2401BE200007C40B /* ParstagramUITests.swift */ = {isa = PBXFileReference; lastKnownFileType = sourcecode.swift; path = ParstagramUITests.swift; sourceTree = "<group>"; };
		4D35BD6E2401BE200007C40B /* Info.plist */ = {isa = PBXFileReference; lastKnownFileType = text.plist.xml; path = Info.plist; sourceTree = "<group>"; };
/* End PBXFileReference section */

/* Begin PBXFrameworksBuildPhase section */
		4D35BD442401BE1C0007C40B /* Frameworks */ = {
			isa = PBXFrameworksBuildPhase;
			buildActionMask = 2147483647;
			files = (
			);
			runOnlyForDeploymentPostprocessing = 0;
		};
		4D35BD5A2401BE200007C40B /* Frameworks */ = {
			isa = PBXFrameworksBuildPhase;
			buildActionMask = 2147483647;
			files = (
			);
			runOnlyForDeploymentPostprocessing = 0;
		};
		4D35BD652401BE200007C40B /* Frameworks */ = {
			isa = PBXFrameworksBuildPhase;
			buildActionMask = 2147483647;
			files = (
			);
			runOnlyForDeploymentPostprocessing = 0;
		};
/* End PBXFrameworksBuildPhase section */

/* Begin PBXGroup section */
		4D35BD3E2401BE1C0007C40B = {
			isa = PBXGroup;
			children = (
				4D35BD492401BE1C0007C40B /* Parstagram */,
				4D35BD602401BE200007C40B /* ParstagramTests */,
				4D35BD6B2401BE200007C40B /* ParstagramUITests */,
				4D35BD482401BE1C0007C40B /* Products */,
			);
			sourceTree = "<group>";
		};
		4D35BD482401BE1C0007C40B /* Products */ = {
			isa = PBXGroup;
			children = (
				4D35BD472401BE1C0007C40B /* Parstagram.app */,
				4D35BD5D2401BE200007C40B /* ParstagramTests.xctest */,
				4D35BD682401BE200007C40B /* ParstagramUITests.xctest */,
			);
			name = Products;
			sourceTree = "<group>";
		};
		4D35BD492401BE1C0007C40B /* Parstagram */ = {
			isa = PBXGroup;
			children = (
				4D35BD4A2401BE1C0007C40B /* AppDelegate.swift */,
				4D35BD4C2401BE1C0007C40B /* SceneDelegate.swift */,
				4D35BD4E2401BE1C0007C40B /* ViewController.swift */,
				4D35BD502401BE1C0007C40B /* Main.storyboard */,
				4D35BD532401BE200007C40B /* Assets.xcassets */,
				4D35BD552401BE200007C40B /* LaunchScreen.storyboard */,
				4D35BD582401BE200007C40B /* Info.plist */,
			);
			path = Parstagram;
			sourceTree = "<group>";
		};
		4D35BD602401BE200007C40B /* ParstagramTests */ = {
			isa = PBXGroup;
			children = (
				4D35BD612401BE200007C40B /* ParstagramTests.swift */,
				4D35BD632401BE200007C40B /* Info.plist */,
			);
			path = ParstagramTests;
			sourceTree = "<group>";
		};
		4D35BD6B2401BE200007C40B /* ParstagramUITests */ = {
			isa = PBXGroup;
			children = (
				4D35BD6C2401BE200007C40B /* ParstagramUITests.swift */,
				4D35BD6E2401BE200007C40B /* Info.plist */,
			);
			path = ParstagramUITests;
			sourceTree = "<group>";
		};
/* End PBXGroup section */

/* Begin PBXNativeTarget section */
		4D35BD462401BE1C0007C40B /* Parstagram */ = {
			isa = PBXNativeTarget;
			buildConfigurationList = 4D35BD712401BE200007C40B /* Build configuration list for PBXNativeTarget "Parstagram" */;
			buildPhases = (
				4D35BD432401BE1C0007C40B /* Sources */,
				4D35BD442401BE1C0007C40B /* Frameworks */,
				4D35BD452401BE1C0007C40B /* Resources */,
			);
			buildRules = (
			);
			dependencies = (
			);
			name = Parstagram;
			productName = Parstagram;
			productReference = 4D35BD472401BE1C0007C40B /* Parstagram.app */;
			productType = "com.apple.product-type.application";
		};
		4D35BD5C2401BE200007C40B /* ParstagramTests */ = {
			isa = PBXNativeTarget;
			buildConfigurationList = 4D35BD742401BE200007C40B /* Build configuration list for PBXNativeTarget "ParstagramTests" */;
			buildPhases = (
				4D35BD592401BE200007C40B /* Sources */,
				4D35BD5A2401BE200007C40B /* Frameworks */,
				4D35BD5B2401BE200007C40B /* Resources */,
			);
			buildRules = (
			);
			dependencies = (
				4D35BD5F2401BE200007C40B /* PBXTargetDependency */,
			);
			name = ParstagramTests;
			productName = ParstagramTests;
			productReference = 4D35BD5D2401BE200007C40B /* ParstagramTests.xctest */;
			productType = "com.apple.product-type.bundle.unit-test";
		};
		4D35BD672401BE200007C40B /* ParstagramUITests */ = {
			isa = PBXNativeTarget;
			buildConfigurationList = 4D35BD772401BE200007C40B /* Build configuration list for PBXNativeTarget "ParstagramUITests" */;
			buildPhases = (
				4D35BD642401BE200007C40B /* Sources */,
				4D35BD652401BE200007C40B /* Frameworks */,
				4D35BD662401BE200007C40B /* Resources */,
			);
			buildRules = (
			);
			dependencies = (
				4D35BD6A2401BE200007C40B /* PBXTargetDependency */,
			);
			name = ParstagramUITests;
			productName = ParstagramUITests;
			productReference = 4D35BD682401BE200007C40B /* ParstagramUITests.xctest */;
			productType = "com.apple.product-type.bundle.ui-testing";
		};
/* End PBXNativeTarget section */

/* Begin PBXProject section */
		4D35BD3F2401BE1C0007C40B /* Project object */ = {
			isa = PBXProject;
			attributes = {
				LastSwiftUpdateCheck = 1130;
				LastUpgradeCheck = 1130;
				ORGANIZATIONNAME = "Gary Ouyang";
				TargetAttributes = {
					4D35BD462401BE1C0007C40B = {
						CreatedOnToolsVersion = 11.3.1;
					};
					4D35BD5C2401BE200007C40B = {
						CreatedOnToolsVersion = 11.3.1;
						TestTargetID = 4D35BD462401BE1C0007C40B;
					};
					4D35BD672401BE200007C40B = {
						CreatedOnToolsVersion = 11.3.1;
						TestTargetID = 4D35BD462401BE1C0007C40B;
					};
				};
			};
			buildConfigurationList = 4D35BD422401BE1C0007C40B /* Build configuration list for PBXProject "Parstagram" */;
			compatibilityVersion = "Xcode 9.3";
			developmentRegion = en;
			hasScannedForEncodings = 0;
			knownRegions = (
				en,
				Base,
			);
			mainGroup = 4D35BD3E2401BE1C0007C40B;
			productRefGroup = 4D35BD482401BE1C0007C40B /* Products */;
			projectDirPath = "";
			projectRoot = "";
			targets = (
				4D35BD462401BE1C0007C40B /* Parstagram */,
				4D35BD5C2401BE200007C40B /* ParstagramTests */,
				4D35BD672401BE200007C40B /* ParstagramUITests */,
			);
		};
/* End PBXProject section */

/* Begin PBXResourcesBuildPhase section */
		4D35BD452401BE1C0007C40B /* Resources */ = {
			isa = PBXResourcesBuildPhase;
			buildActionMask = 2147483647;
			files = (
				4D35BD572401BE200007C40B /* LaunchScreen.storyboard in Resources */,
				4D35BD542401BE200007C40B /* Assets.xcassets in Resources */,
				4D35BD522401BE1C0007C40B /* Main.storyboard in Resources */,
			);
			runOnlyForDeploymentPostprocessing = 0;
		};
		4D35BD5B2401BE200007C40B /* Resources */ = {
			isa = PBXResourcesBuildPhase;
			buildActionMask = 2147483647;
			files = (
			);
			runOnlyForDeploymentPostprocessing = 0;
		};
		4D35BD662401BE200007C40B /* Resources */ = {
			isa = PBXResourcesBuildPhase;
			buildActionMask = 2147483647;
			files = (
			);
			runOnlyForDeploymentPostprocessing = 0;
		};
/* End PBXResourcesBuildPhase section */

/* Begin PBXSourcesBuildPhase section */
		4D35BD432401BE1C0007C40B /* Sources */ = {
			isa = PBXSourcesBuildPhase;
			buildActionMask = 2147483647;
			files = (
				4D35BD4F2401BE1C0007C40B /* ViewController.swift in Sources */,
				4D35BD4B2401BE1C0007C40B /* AppDelegate.swift in Sources */,
				4D35BD4D2401BE1C0007C40B /* SceneDelegate.swift in Sources */,
			);
			runOnlyForDeploymentPostprocessing = 0;
		};
		4D35BD592401BE200007C40B /* Sources */ = {
			isa = PBXSourcesBuildPhase;
			buildActionMask = 2147483647;
			files = (
				4D35BD622401BE200007C40B /* ParstagramTests.swift in Sources */,
			);
			runOnlyForDeploymentPostprocessing = 0;
		};
		4D35BD642401BE200007C40B /* Sources */ = {
			isa = PBXSourcesBuildPhase;
			buildActionMask = 2147483647;
			files = (
				4D35BD6D2401BE200007C40B /* ParstagramUITests.swift in Sources */,
			);
			runOnlyForDeploymentPostprocessing = 0;
		};
/* End PBXSourcesBuildPhase section */

/* Begin PBXTargetDependency section */
		4D35BD5F2401BE200007C40B /* PBXTargetDependency */ = {
			isa = PBXTargetDependency;
			target = 4D35BD462401BE1C0007C40B /* Parstagram */;
			targetProxy = 4D35BD5E2401BE200007C40B /* PBXContainerItemProxy */;
		};
		4D35BD6A2401BE200007C40B /* PBXTargetDependency */ = {
			isa = PBXTargetDependency;
			target = 4D35BD462401BE1C0007C40B /* Parstagram */;
			targetProxy = 4D35BD692401BE200007C40B /* PBXContainerItemProxy */;
		};
/* End PBXTargetDependency section */

/* Begin PBXVariantGroup section */
		4D35BD502401BE1C0007C40B /* Main.storyboard */ = {
			isa = PBXVariantGroup;
			children = (
				4D35BD512401BE1C0007C40B /* Base */,
			);
			name = Main.storyboard;
			sourceTree = "<group>";
		};
		4D35BD552401BE200007C40B /* LaunchScreen.storyboard */ = {
			isa = PBXVariantGroup;
			children = (
				4D35BD562401BE200007C40B /* Base */,
			);
			name = LaunchScreen.storyboard;
			sourceTree = "<group>";
		};
/* End PBXVariantGroup section */

/* Begin XCBuildConfiguration section */
		4D35BD6F2401BE200007C40B /* Debug */ = {
			isa = XCBuildConfiguration;
			buildSettings = {
				ALWAYS_SEARCH_USER_PATHS = NO;
				CLANG_ANALYZER_NONNULL = YES;
				CLANG_ANALYZER_NUMBER_OBJECT_CONVERSION = YES_AGGRESSIVE;
				CLANG_CXX_LANGUAGE_STANDARD = "gnu++14";
				CLANG_CXX_LIBRARY = "libc++";
				CLANG_ENABLE_MODULES = YES;
				CLANG_ENABLE_OBJC_ARC = YES;
				CLANG_ENABLE_OBJC_WEAK = YES;
				CLANG_WARN_BLOCK_CAPTURE_AUTORELEASING = YES;
				CLANG_WARN_BOOL_CONVERSION = YES;
				CLANG_WARN_COMMA = YES;
				CLANG_WARN_CONSTANT_CONVERSION = YES;
				CLANG_WARN_DEPRECATED_OBJC_IMPLEMENTATIONS = YES;
				CLANG_WARN_DIRECT_OBJC_ISA_USAGE = YES_ERROR;
				CLANG_WARN_DOCUMENTATION_COMMENTS = YES;
				CLANG_WARN_EMPTY_BODY = YES;
				CLANG_WARN_ENUM_CONVERSION = YES;
				CLANG_WARN_INFINITE_RECURSION = YES;
				CLANG_WARN_INT_CONVERSION = YES;
				CLANG_WARN_NON_LITERAL_NULL_CONVERSION = YES;
				CLANG_WARN_OBJC_IMPLICIT_RETAIN_SELF = YES;
				CLANG_WARN_OBJC_LITERAL_CONVERSION = YES;
				CLANG_WARN_OBJC_ROOT_CLASS = YES_ERROR;
				CLANG_WARN_RANGE_LOOP_ANALYSIS = YES;
				CLANG_WARN_STRICT_PROTOTYPES = YES;
				CLANG_WARN_SUSPICIOUS_MOVE = YES;
				CLANG_WARN_UNGUARDED_AVAILABILITY = YES_AGGRESSIVE;
				CLANG_WARN_UNREACHABLE_CODE = YES;
				CLANG_WARN__DUPLICATE_METHOD_MATCH = YES;
				COPY_PHASE_STRIP = NO;
				DEBUG_INFORMATION_FORMAT = dwarf;
				ENABLE_STRICT_OBJC_MSGSEND = YES;
				ENABLE_TESTABILITY = YES;
				GCC_C_LANGUAGE_STANDARD = gnu11;
				GCC_DYNAMIC_NO_PIC = NO;
				GCC_NO_COMMON_BLOCKS = YES;
				GCC_OPTIMIZATION_LEVEL = 0;
				GCC_PREPROCESSOR_DEFINITIONS = (
					"DEBUG=1",
					"$(inherited)",
				);
				GCC_WARN_64_TO_32_BIT_CONVERSION = YES;
				GCC_WARN_ABOUT_RETURN_TYPE = YES_ERROR;
				GCC_WARN_UNDECLARED_SELECTOR = YES;
				GCC_WARN_UNINITIALIZED_AUTOS = YES_AGGRESSIVE;
				GCC_WARN_UNUSED_FUNCTION = YES;
				GCC_WARN_UNUSED_VARIABLE = YES;
				IPHONEOS_DEPLOYMENT_TARGET = 13.2;
				MTL_ENABLE_DEBUG_INFO = INCLUDE_SOURCE;
				MTL_FAST_MATH = YES;
				ONLY_ACTIVE_ARCH = YES;
				SDKROOT = iphoneos;
				SWIFT_ACTIVE_COMPILATION_CONDITIONS = DEBUG;
				SWIFT_OPTIMIZATION_LEVEL = "-Onone";
			};
			name = Debug;
		};
		4D35BD702401BE200007C40B /* Release */ = {
			isa = XCBuildConfiguration;
			buildSettings = {
				ALWAYS_SEARCH_USER_PATHS = NO;
				CLANG_ANALYZER_NONNULL = YES;
				CLANG_ANALYZER_NUMBER_OBJECT_CONVERSION = YES_AGGRESSIVE;
				CLANG_CXX_LANGUAGE_STANDARD = "gnu++14";
				CLANG_CXX_LIBRARY = "libc++";
				CLANG_ENABLE_MODULES = YES;
				CLANG_ENABLE_OBJC_ARC = YES;
				CLANG_ENABLE_OBJC_WEAK = YES;
				CLANG_WARN_BLOCK_CAPTURE_AUTORELEASING = YES;
				CLANG_WARN_BOOL_CONVERSION = YES;
				CLANG_WARN_COMMA = YES;
				CLANG_WARN_CONSTANT_CONVERSION = YES;
				CLANG_WARN_DEPRECATED_OBJC_IMPLEMENTATIONS = YES;
				CLANG_WARN_DIRECT_OBJC_ISA_USAGE = YES_ERROR;
				CLANG_WARN_DOCUMENTATION_COMMENTS = YES;
				CLANG_WARN_EMPTY_BODY = YES;
				CLANG_WARN_ENUM_CONVERSION = YES;
				CLANG_WARN_INFINITE_RECURSION = YES;
				CLANG_WARN_INT_CONVERSION = YES;
				CLANG_WARN_NON_LITERAL_NULL_CONVERSION = YES;
				CLANG_WARN_OBJC_IMPLICIT_RETAIN_SELF = YES;
				CLANG_WARN_OBJC_LITERAL_CONVERSION = YES;
				CLANG_WARN_OBJC_ROOT_CLASS = YES_ERROR;
				CLANG_WARN_RANGE_LOOP_ANALYSIS = YES;
				CLANG_WARN_STRICT_PROTOTYPES = YES;
				CLANG_WARN_SUSPICIOUS_MOVE = YES;
				CLANG_WARN_UNGUARDED_AVAILABILITY = YES_AGGRESSIVE;
				CLANG_WARN_UNREACHABLE_CODE = YES;
				CLANG_WARN__DUPLICATE_METHOD_MATCH = YES;
				COPY_PHASE_STRIP = NO;
				DEBUG_INFORMATION_FORMAT = "dwarf-with-dsym";
				ENABLE_NS_ASSERTIONS = NO;
				ENABLE_STRICT_OBJC_MSGSEND = YES;
				GCC_C_LANGUAGE_STANDARD = gnu11;
				GCC_NO_COMMON_BLOCKS = YES;
				GCC_WARN_64_TO_32_BIT_CONVERSION = YES;
				GCC_WARN_ABOUT_RETURN_TYPE = YES_ERROR;
				GCC_WARN_UNDECLARED_SELECTOR = YES;
				GCC_WARN_UNINITIALIZED_AUTOS = YES_AGGRESSIVE;
				GCC_WARN_UNUSED_FUNCTION = YES;
				GCC_WARN_UNUSED_VARIABLE = YES;
				IPHONEOS_DEPLOYMENT_TARGET = 13.2;
				MTL_ENABLE_DEBUG_INFO = NO;
				MTL_FAST_MATH = YES;
				SDKROOT = iphoneos;
				SWIFT_COMPILATION_MODE = wholemodule;
				SWIFT_OPTIMIZATION_LEVEL = "-O";
				VALIDATE_PRODUCT = YES;
			};
			name = Release;
		};
		4D35BD722401BE200007C40B /* Debug */ = {
			isa = XCBuildConfiguration;
			buildSettings = {
				ASSETCATALOG_COMPILER_APPICON_NAME = AppIcon;
				CODE_SIGN_STYLE = Automatic;
				INFOPLIST_FILE = Parstagram/Info.plist;
				LD_RUNPATH_SEARCH_PATHS = (
					"$(inherited)",
					"@executable_path/Frameworks",
				);
				PRODUCT_BUNDLE_IDENTIFIER = "garyouyang9449-gmail.com.Parstagram";
				PRODUCT_NAME = "$(TARGET_NAME)";
				SWIFT_VERSION = 5.0;
				TARGETED_DEVICE_FAMILY = "1,2";
			};
			name = Debug;
		};
		4D35BD732401BE200007C40B /* Release */ = {
			isa = XCBuildConfiguration;
			buildSettings = {
				ASSETCATALOG_COMPILER_APPICON_NAME = AppIcon;
				CODE_SIGN_STYLE = Automatic;
				INFOPLIST_FILE = Parstagram/Info.plist;
				LD_RUNPATH_SEARCH_PATHS = (
					"$(inherited)",
					"@executable_path/Frameworks",
				);
				PRODUCT_BUNDLE_IDENTIFIER = "garyouyang9449-gmail.com.Parstagram";
				PRODUCT_NAME = "$(TARGET_NAME)";
				SWIFT_VERSION = 5.0;
				TARGETED_DEVICE_FAMILY = "1,2";
			};
			name = Release;
		};
		4D35BD752401BE200007C40B /* Debug */ = {
			isa = XCBuildConfiguration;
			buildSettings = {
				ALWAYS_EMBED_SWIFT_STANDARD_LIBRARIES = YES;
				BUNDLE_LOADER = "$(TEST_HOST)";
				CODE_SIGN_STYLE = Automatic;
				INFOPLIST_FILE = ParstagramTests/Info.plist;
				IPHONEOS_DEPLOYMENT_TARGET = 13.2;
				LD_RUNPATH_SEARCH_PATHS = (
					"$(inherited)",
					"@executable_path/Frameworks",
					"@loader_path/Frameworks",
				);
				PRODUCT_BUNDLE_IDENTIFIER = "garyouyang9449-gmail.com.ParstagramTests";
				PRODUCT_NAME = "$(TARGET_NAME)";
				SWIFT_VERSION = 5.0;
				TARGETED_DEVICE_FAMILY = "1,2";
				TEST_HOST = "$(BUILT_PRODUCTS_DIR)/Parstagram.app/Parstagram";
			};
			name = Debug;
		};
		4D35BD762401BE200007C40B /* Release */ = {
			isa = XCBuildConfiguration;
			buildSettings = {
				ALWAYS_EMBED_SWIFT_STANDARD_LIBRARIES = YES;
				BUNDLE_LOADER = "$(TEST_HOST)";
				CODE_SIGN_STYLE = Automatic;
				INFOPLIST_FILE = ParstagramTests/Info.plist;
				IPHONEOS_DEPLOYMENT_TARGET = 13.2;
				LD_RUNPATH_SEARCH_PATHS = (
					"$(inherited)",
					"@executable_path/Frameworks",
					"@loader_path/Frameworks",
				);
				PRODUCT_BUNDLE_IDENTIFIER = "garyouyang9449-gmail.com.ParstagramTests";
				PRODUCT_NAME = "$(TARGET_NAME)";
				SWIFT_VERSION = 5.0;
				TARGETED_DEVICE_FAMILY = "1,2";
				TEST_HOST = "$(BUILT_PRODUCTS_DIR)/Parstagram.app/Parstagram";
			};
			name = Release;
		};
		4D35BD782401BE200007C40B /* Debug */ = {
			isa = XCBuildConfiguration;
			buildSettings = {
				ALWAYS_EMBED_SWIFT_STANDARD_LIBRARIES = YES;
				CODE_SIGN_STYLE = Automatic;
				INFOPLIST_FILE = ParstagramUITests/Info.plist;
				LD_RUNPATH_SEARCH_PATHS = (
					"$(inherited)",
					"@executable_path/Frameworks",
					"@loader_path/Frameworks",
				);
				PRODUCT_BUNDLE_IDENTIFIER = "garyouyang9449-gmail.com.ParstagramUITests";
				PRODUCT_NAME = "$(TARGET_NAME)";
				SWIFT_VERSION = 5.0;
				TARGETED_DEVICE_FAMILY = "1,2";
				TEST_TARGET_NAME = Parstagram;
			};
			name = Debug;
		};
		4D35BD792401BE200007C40B /* Release */ = {
			isa = XCBuildConfiguration;
			buildSettings = {
				ALWAYS_EMBED_SWIFT_STANDARD_LIBRARIES = YES;
				CODE_SIGN_STYLE = Automatic;
				INFOPLIST_FILE = ParstagramUITests/Info.plist;
				LD_RUNPATH_SEARCH_PATHS = (
					"$(inherited)",
					"@executable_path/Frameworks",
					"@loader_path/Frameworks",
				);
				PRODUCT_BUNDLE_IDENTIFIER = "garyouyang9449-gmail.com.ParstagramUITests";
				PRODUCT_NAME = "$(TARGET_NAME)";
				SWIFT_VERSION = 5.0;
				TARGETED_DEVICE_FAMILY = "1,2";
				TEST_TARGET_NAME = Parstagram;
			};
			name = Release;
		};
/* End XCBuildConfiguration section */

/* Begin XCConfigurationList section */
		4D35BD422401BE1C0007C40B /* Build configuration list for PBXProject "Parstagram" */ = {
			isa = XCConfigurationList;
			buildConfigurations = (
				4D35BD6F2401BE200007C40B /* Debug */,
				4D35BD702401BE200007C40B /* Release */,
			);
			defaultConfigurationIsVisible = 0;
			defaultConfigurationName = Release;
		};
		4D35BD712401BE200007C40B /* Build configuration list for PBXNativeTarget "Parstagram" */ = {
			isa = XCConfigurationList;
			buildConfigurations = (
				4D35BD722401BE200007C40B /* Debug */,
				4D35BD732401BE200007C40B /* Release */,
			);
			defaultConfigurationIsVisible = 0;
			defaultConfigurationName = Release;
		};
		4D35BD742401BE200007C40B /* Build configuration list for PBXNativeTarget "ParstagramTests" */ = {
			isa = XCConfigurationList;
			buildConfigurations = (
				4D35BD752401BE200007C40B /* Debug */,
				4D35BD762401BE200007C40B /* Release */,
			);
			defaultConfigurationIsVisible = 0;
			defaultConfigurationName = Release;
		};
		4D35BD772401BE200007C40B /* Build configuration list for PBXNativeTarget "ParstagramUITests" */ = {
			isa = XCConfigurationList;
			buildConfigurations = (
				4D35BD782401BE200007C40B /* Debug */,
				4D35BD792401BE200007C40B /* Release */,
			);
			defaultConfigurationIsVisible = 0;
			defaultConfigurationName = Release;
		};
/* End XCConfigurationList section */
	};
	rootObject = 4D35BD3F2401BE1C0007C40B /* Project object */;
}
